
Microsoft Visual Studio Solution File, Format Version 12.00
# Visual Studio Version 16
VisualStudioVersion = 16.0.29326.143
MinimumVisualStudioVersion = 10.0.40219.1
Project("{FAE04EC0-301F-11D3-BF4B-00C04F79EFBC}") = "SECoursework - Euston Message Filtering Service", "SECoursework - Euston Message Filtering Service\SECoursework - Euston Message Filtering Service.csproj", "{18FE6F44-0BBE-4411-8405-3A7901E63EFF}"
EndProject
Global
	GlobalSection(SolutionConfigurationPlatforms) = preSolution
		Debug|Any CPU = Debug|Any CPU
		Release|Any CPU = Release|Any CPU
	EndGlobalSection
	GlobalSection(ProjectConfigurationPlatforms) = postSolution
		{18FE6F44-0BBE-4411-8405-3A7901E63EFF}.Debug|Any CPU.ActiveCfg = Debug|Any CPU
		{18FE6F44-0BBE-4411-8405-3A7901E63EFF}.Debug|Any CPU.Build.0 = Debug|Any CPU
		{18FE6F44-0BBE-4411-8405-3A7901E63EFF}.Release|Any CPU.ActiveCfg = Release|Any CPU
		{18FE6F44-0BBE-4411-8405-3A7901E63EFF}.Release|Any CPU.Build.0 = Release|Any CPU
	EndGlobalSection
	GlobalSection(SolutionProperties) = preSolution
		HideSolutionNode = FALSE
	EndGlobalSection
	GlobalSection(ExtensibilityGlobals) = postSolution
		SolutionGuid = {3E5B6CE1-230A-4F29-A731-D513AF3FA7A5}
	EndGlobalSection
EndGlobal
